
Microsoft Visual Studio Solution File, Format Version 12.00
# Visual Studio 15
VisualStudioVersion = 15.0.27703.2047
MinimumVisualStudioVersion = 10.0.40219.1
Project("{FAE04EC0-301F-11D3-BF4B-00C04F79EFBC}") = "CentralTelefonica", "CentralTelefonica\CentralTelefonica.csproj", "{560D0A1F-F40F-44D2-B7AE-D9B6FF3F2532}"
EndProject
Project("{FAE04EC0-301F-11D3-BF4B-00C04F79EFBC}") = "Test", "Test\Test.csproj", "{F6ACD7F8-2BA4-4E89-8646-34CEBE981F4B}"
	ProjectSection(ProjectDependencies) = postProject
		{560D0A1F-F40F-44D2-B7AE-D9B6FF3F2532} = {560D0A1F-F40F-44D2-B7AE-D9B6FF3F2532}
	EndProjectSection
EndProject
Global
	GlobalSection(SolutionConfigurationPlatforms) = preSolution
		Debug|Any CPU = Debug|Any CPU
		Release|Any CPU = Release|Any CPU
	EndGlobalSection
	GlobalSection(ProjectConfigurationPlatforms) = postSolution
		{560D0A1F-F40F-44D2-B7AE-D9B6FF3F2532}.Debug|Any CPU.ActiveCfg = Debug|Any CPU
		{560D0A1F-F40F-44D2-B7AE-D9B6FF3F2532}.Debug|Any CPU.Build.0 = Debug|Any CPU
		{560D0A1F-F40F-44D2-B7AE-D9B6FF3F2532}.Release|Any CPU.ActiveCfg = Release|Any CPU
		{560D0A1F-F40F-44D2-B7AE-D9B6FF3F2532}.Release|Any CPU.Build.0 = Release|Any CPU
		{F6ACD7F8-2BA4-4E89-8646-34CEBE981F4B}.Debug|Any CPU.ActiveCfg = Debug|Any CPU
		{F6ACD7F8-2BA4-4E89-8646-34CEBE981F4B}.Debug|Any CPU.Build.0 = Debug|Any CPU
		{F6ACD7F8-2BA4-4E89-8646-34CEBE981F4B}.Release|Any CPU.ActiveCfg = Release|Any CPU
		{F6ACD7F8-2BA4-4E89-8646-34CEBE981F4B}.Release|Any CPU.Build.0 = Release|Any CPU
	EndGlobalSection
	GlobalSection(SolutionProperties) = preSolution
		HideSolutionNode = FALSE
	EndGlobalSection
	GlobalSection(ExtensibilityGlobals) = postSolution
		SolutionGuid = {C8EB9251-1394-46FD-BC5A-B18AFF2DF8CE}
	EndGlobalSection
EndGlobal
