
Microsoft Visual Studio Solution File, Format Version 12.00
# Visual Studio 15
VisualStudioVersion = 15.0.27703.2047
MinimumVisualStudioVersion = 10.0.40219.1
Project("{FAE04EC0-301F-11D3-BF4B-00C04F79EFBC}") = "CentralTelefonica2ElectricBoogaloo", "CentralTelefonica2ElectricBoogaloo\CentralTelefonica2ElectricBoogaloo.csproj", "{6B503471-608D-486C-B0D1-88D943EBABC4}"
EndProject
Global
	GlobalSection(SolutionConfigurationPlatforms) = preSolution
		Debug|Any CPU = Debug|Any CPU
		Release|Any CPU = Release|Any CPU
	EndGlobalSection
	GlobalSection(ProjectConfigurationPlatforms) = postSolution
		{6B503471-608D-486C-B0D1-88D943EBABC4}.Debug|Any CPU.ActiveCfg = Debug|Any CPU
		{6B503471-608D-486C-B0D1-88D943EBABC4}.Debug|Any CPU.Build.0 = Debug|Any CPU
		{6B503471-608D-486C-B0D1-88D943EBABC4}.Release|Any CPU.ActiveCfg = Release|Any CPU
		{6B503471-608D-486C-B0D1-88D943EBABC4}.Release|Any CPU.Build.0 = Release|Any CPU
	EndGlobalSection
	GlobalSection(SolutionProperties) = preSolution
		HideSolutionNode = FALSE
	EndGlobalSection
	GlobalSection(ExtensibilityGlobals) = postSolution
		SolutionGuid = {A7E8E0E4-C751-4DDC-BF99-865B58AF37E7}
	EndGlobalSection
EndGlobal
