
Microsoft Visual Studio Solution File, Format Version 12.00
# Visual Studio 15
VisualStudioVersion = 15.0.27703.2047
MinimumVisualStudioVersion = 10.0.40219.1
Project("{FAE04EC0-301F-11D3-BF4B-00C04F79EFBC}") = "WformEj31", "WformEj31\WformEj31.csproj", "{924994E0-952D-4D6A-ADF1-35E915AF7E30}"
EndProject
Global
	GlobalSection(SolutionConfigurationPlatforms) = preSolution
		Debug|Any CPU = Debug|Any CPU
		Release|Any CPU = Release|Any CPU
	EndGlobalSection
	GlobalSection(ProjectConfigurationPlatforms) = postSolution
		{924994E0-952D-4D6A-ADF1-35E915AF7E30}.Debug|Any CPU.ActiveCfg = Debug|Any CPU
		{924994E0-952D-4D6A-ADF1-35E915AF7E30}.Debug|Any CPU.Build.0 = Debug|Any CPU
		{924994E0-952D-4D6A-ADF1-35E915AF7E30}.Release|Any CPU.ActiveCfg = Release|Any CPU
		{924994E0-952D-4D6A-ADF1-35E915AF7E30}.Release|Any CPU.Build.0 = Release|Any CPU
	EndGlobalSection
	GlobalSection(SolutionProperties) = preSolution
		HideSolutionNode = FALSE
	EndGlobalSection
	GlobalSection(ExtensibilityGlobals) = postSolution
		SolutionGuid = {41F048F2-0456-4A54-AA84-163C0DAEFABF}
	EndGlobalSection
EndGlobal
