
Microsoft Visual Studio Solution File, Format Version 12.00
# Visual Studio 15
VisualStudioVersion = 15.0.27703.2047
MinimumVisualStudioVersion = 10.0.40219.1
Project("{FAE04EC0-301F-11D3-BF4B-00C04F79EFBC}") = "PracticaSP", "PracticaSP\PracticaSP.csproj", "{48257792-4E83-42A1-9B27-90262AB3EFF8}"
EndProject
Project("{FAE04EC0-301F-11D3-BF4B-00C04F79EFBC}") = "Archivos", "Archivos\Archivos.csproj", "{54C16AF4-436C-416F-B03B-4E381C30AA87}"
EndProject
Project("{FAE04EC0-301F-11D3-BF4B-00C04F79EFBC}") = "Entidades", "Entidades\Entidades.csproj", "{AAEF8F4E-0268-4B45-85AF-04364F7C200F}"
EndProject
Global
	GlobalSection(SolutionConfigurationPlatforms) = preSolution
		Debug|Any CPU = Debug|Any CPU
		Release|Any CPU = Release|Any CPU
	EndGlobalSection
	GlobalSection(ProjectConfigurationPlatforms) = postSolution
		{48257792-4E83-42A1-9B27-90262AB3EFF8}.Debug|Any CPU.ActiveCfg = Debug|Any CPU
		{48257792-4E83-42A1-9B27-90262AB3EFF8}.Debug|Any CPU.Build.0 = Debug|Any CPU
		{48257792-4E83-42A1-9B27-90262AB3EFF8}.Release|Any CPU.ActiveCfg = Release|Any CPU
		{48257792-4E83-42A1-9B27-90262AB3EFF8}.Release|Any CPU.Build.0 = Release|Any CPU
		{54C16AF4-436C-416F-B03B-4E381C30AA87}.Debug|Any CPU.ActiveCfg = Debug|Any CPU
		{54C16AF4-436C-416F-B03B-4E381C30AA87}.Debug|Any CPU.Build.0 = Debug|Any CPU
		{54C16AF4-436C-416F-B03B-4E381C30AA87}.Release|Any CPU.ActiveCfg = Release|Any CPU
		{54C16AF4-436C-416F-B03B-4E381C30AA87}.Release|Any CPU.Build.0 = Release|Any CPU
		{AAEF8F4E-0268-4B45-85AF-04364F7C200F}.Debug|Any CPU.ActiveCfg = Debug|Any CPU
		{AAEF8F4E-0268-4B45-85AF-04364F7C200F}.Debug|Any CPU.Build.0 = Debug|Any CPU
		{AAEF8F4E-0268-4B45-85AF-04364F7C200F}.Release|Any CPU.ActiveCfg = Release|Any CPU
		{AAEF8F4E-0268-4B45-85AF-04364F7C200F}.Release|Any CPU.Build.0 = Release|Any CPU
	EndGlobalSection
	GlobalSection(SolutionProperties) = preSolution
		HideSolutionNode = FALSE
	EndGlobalSection
	GlobalSection(ExtensibilityGlobals) = postSolution
		SolutionGuid = {08BAF16B-FD9A-4F70-B137-614D7BC09D47}
	EndGlobalSection
EndGlobal
