
Microsoft Visual Studio Solution File, Format Version 12.00
# Visual Studio 15
VisualStudioVersion = 15.0.27703.2047
MinimumVisualStudioVersion = 10.0.40219.1
Project("{FAE04EC0-301F-11D3-BF4B-00C04F79EFBC}") = "WindowsFormsApp2", "WindowsFormsApp2\WindowsFormsApp2.csproj", "{AB5349D6-D565-4688-9822-4E135624DF4A}"
EndProject
Global
	GlobalSection(SolutionConfigurationPlatforms) = preSolution
		Debug|Any CPU = Debug|Any CPU
		Release|Any CPU = Release|Any CPU
	EndGlobalSection
	GlobalSection(ProjectConfigurationPlatforms) = postSolution
		{AB5349D6-D565-4688-9822-4E135624DF4A}.Debug|Any CPU.ActiveCfg = Debug|Any CPU
		{AB5349D6-D565-4688-9822-4E135624DF4A}.Debug|Any CPU.Build.0 = Debug|Any CPU
		{AB5349D6-D565-4688-9822-4E135624DF4A}.Release|Any CPU.ActiveCfg = Release|Any CPU
		{AB5349D6-D565-4688-9822-4E135624DF4A}.Release|Any CPU.Build.0 = Release|Any CPU
	EndGlobalSection
	GlobalSection(SolutionProperties) = preSolution
		HideSolutionNode = FALSE
	EndGlobalSection
	GlobalSection(ExtensibilityGlobals) = postSolution
		SolutionGuid = {329304AA-71E8-4DAE-9F04-2B9ED69DEBA1}
	EndGlobalSection
EndGlobal
